
Microsoft Visual Studio Solution File, Format Version 12.00
# Visual Studio Version 16
VisualStudioVersion = 16.0.29318.209
MinimumVisualStudioVersion = 10.0.40219.1
Project("{9A19103F-16F7-4668-BE54-9A1E7A4F7556}") = "Micro.Gateway", "Micro.Gateway\Micro.Gateway.csproj", "{44CA24F2-9D4B-4A27-94A8-74D8BFD21BE0}"
EndProject
Project("{9A19103F-16F7-4668-BE54-9A1E7A4F7556}") = "Micro.Core", "Micro.Core\Micro.Core.csproj", "{4652581E-DE9B-4FA7-B108-A9C2CD8BE907}"
EndProject
Project("{9A19103F-16F7-4668-BE54-9A1E7A4F7556}") = "WebApi2", "WebApi2\WebApi2.csproj", "{D11417F3-6ECB-44C1-91DE-2BE50B1000F2}"
EndProject
Project("{9A19103F-16F7-4668-BE54-9A1E7A4F7556}") = "Micro.Services", "Micro.Services\Micro.Services.csproj", "{33593E8D-AFE3-4EB1-8634-5E05AC08E07A}"
EndProject
Project("{FAE04EC0-301F-11D3-BF4B-00C04F79EFBC}") = "WebApi1", "WebApi3\WebApi1.csproj", "{F26B663F-51AA-463D-9CC3-54466EC8D1EA}"
EndProject
Global
	GlobalSection(SolutionConfigurationPlatforms) = preSolution
		Debug|Any CPU = Debug|Any CPU
		Release|Any CPU = Release|Any CPU
	EndGlobalSection
	GlobalSection(ProjectConfigurationPlatforms) = postSolution
		{44CA24F2-9D4B-4A27-94A8-74D8BFD21BE0}.Debug|Any CPU.ActiveCfg = Debug|Any CPU
		{44CA24F2-9D4B-4A27-94A8-74D8BFD21BE0}.Debug|Any CPU.Build.0 = Debug|Any CPU
		{44CA24F2-9D4B-4A27-94A8-74D8BFD21BE0}.Release|Any CPU.ActiveCfg = Release|Any CPU
		{44CA24F2-9D4B-4A27-94A8-74D8BFD21BE0}.Release|Any CPU.Build.0 = Release|Any CPU
		{4652581E-DE9B-4FA7-B108-A9C2CD8BE907}.Debug|Any CPU.ActiveCfg = Debug|Any CPU
		{4652581E-DE9B-4FA7-B108-A9C2CD8BE907}.Debug|Any CPU.Build.0 = Debug|Any CPU
		{4652581E-DE9B-4FA7-B108-A9C2CD8BE907}.Release|Any CPU.ActiveCfg = Release|Any CPU
		{4652581E-DE9B-4FA7-B108-A9C2CD8BE907}.Release|Any CPU.Build.0 = Release|Any CPU
		{D11417F3-6ECB-44C1-91DE-2BE50B1000F2}.Debug|Any CPU.ActiveCfg = Debug|Any CPU
		{D11417F3-6ECB-44C1-91DE-2BE50B1000F2}.Debug|Any CPU.Build.0 = Debug|Any CPU
		{D11417F3-6ECB-44C1-91DE-2BE50B1000F2}.Release|Any CPU.ActiveCfg = Release|Any CPU
		{D11417F3-6ECB-44C1-91DE-2BE50B1000F2}.Release|Any CPU.Build.0 = Release|Any CPU
		{33593E8D-AFE3-4EB1-8634-5E05AC08E07A}.Debug|Any CPU.ActiveCfg = Debug|Any CPU
		{33593E8D-AFE3-4EB1-8634-5E05AC08E07A}.Debug|Any CPU.Build.0 = Debug|Any CPU
		{33593E8D-AFE3-4EB1-8634-5E05AC08E07A}.Release|Any CPU.ActiveCfg = Release|Any CPU
		{33593E8D-AFE3-4EB1-8634-5E05AC08E07A}.Release|Any CPU.Build.0 = Release|Any CPU
		{F26B663F-51AA-463D-9CC3-54466EC8D1EA}.Debug|Any CPU.ActiveCfg = Debug|Any CPU
		{F26B663F-51AA-463D-9CC3-54466EC8D1EA}.Debug|Any CPU.Build.0 = Debug|Any CPU
		{F26B663F-51AA-463D-9CC3-54466EC8D1EA}.Release|Any CPU.ActiveCfg = Release|Any CPU
		{F26B663F-51AA-463D-9CC3-54466EC8D1EA}.Release|Any CPU.Build.0 = Release|Any CPU
	EndGlobalSection
	GlobalSection(SolutionProperties) = preSolution
		HideSolutionNode = FALSE
	EndGlobalSection
	GlobalSection(ExtensibilityGlobals) = postSolution
		SolutionGuid = {BB892C2F-18CD-4ED6-911F-27B9E6DDE681}
	EndGlobalSection
EndGlobal
